---
lockfileVersion: '9.0'

importers:

  .:
    configDependencies: {}
    packageManagerDependencies:
      pnpm:
        specifier: 12.11.2
        version: 12.11.2

packages:

  '@pnpm/exe.android-arm64@12.11.2':
    resolution: {integrity: sha512-owLw13OfPkEoY+hLBNeeG+dCFhywr7q2d/EHPz4mNL2RhKnv8gNwMARkjkiDQu234aItVwFNDeGnmQXm+ikkAg==}
    cpu: [arm64]
    os: [android]

  '@pnpm/exe.android-x64@12.11.2':
    resolution: {integrity: sha512-GYPkVebl4iokOA/4MPSpGoUVfFlsth7uqOCe1XiaiM23LAdvUOMJBObqHJijr89ZqjwHm9pO6vO45GRwJ2U2qA==}
    cpu: [x64]
    os: [android]

  '@pnpm/exe.darwin-arm64@12.11.2':
    resolution: {integrity: sha512-n9M4On66y8FDxUAKgMO1FXt0qihyG4e+56p3/F0uo8Bx9KplW8BwKVnXigzCJ8aNM6sVVPkOE6M9XXbeVIxnZA==}
    cpu: [arm64]
    os: [darwin]

  '@pnpm/exe.darwin-x64@12.11.2':
    resolution: {integrity: sha512-oSW7n3sBT0c0cyk4kj10T2Y6Mpm+OFEiCAWozgX039tdoI6yqJF1uaFD3sw7ugLdu6VV3+uY0pa1TUZIPdxDWA==}
    cpu: [x64]
    os: [darwin]

  '@pnpm/exe.freebsd-x64@12.11.2':
    resolution: {integrity: sha512-qbzc3KoDpa/Lkf8vs3jnDe6dUUbso+6eLIyssYFMiliLpYNxn8dirk11YoNnOQcdHVB50v5RFls1Yid6ttT5pg==}
    cpu: [x64]
    os: [freebsd]

  '@pnpm/exe.linux-arm64-musl@12.11.2':
    resolution: {integrity: sha512-uMEYDwKRktGwANubQ+kYCwmhNwg3Ik6qK89ahsbQ5cP30R/5FVJb/T99vr9XRUBC/A7mZI6eeT92oyVas9ACyg==}
    cpu: [arm64]
    os: [linux]
    libc: [musl]

  '@pnpm/exe.linux-arm64@12.11.2':
    resolution: {integrity: sha512-6e8ZAQUwFXAWHHHv5FesWqf/kEK04wuitBv5f/gxzkC0DiBfaixr+f+6JQede8SF4Ji5LcMwVFJbzAtffpWxEg==}
    cpu: [arm64]
    os: [linux]
    libc: [glibc]

  '@pnpm/exe.linux-ppc64@12.11.2':
    resolution: {integrity: sha512-Ui8A4nepkVupx2VpuFfysEluMvWK6gTB5rgVts7Ss/+8dj0RD28x3F/seNeH/zSypgC6yKdV6qsKVQh/uffTuQ==}
    cpu: [ppc64]
    os: [linux]
    libc: [glibc]

  '@pnpm/exe.linux-riscv64@12.11.2':
    resolution: {integrity: sha512-i1yLdQ5bu+wjQ+srtFoJAaY2gN/+oXHFdjul4llCeoDxHE0rTIG3R41NhHfCjyFPW4+CpbBT58933CL9sMOCnA==}
    cpu: [riscv64]
    os: [linux]
    libc: [glibc]

  '@pnpm/exe.linux-s390x@12.11.2':
    resolution: {integrity: sha512-YS1/lhPjjTsN4QL50VaFZKRa3Uc/bDnhE8eKbJMFvuX06UuFS5YaiDg04APoZdfVSGqTfX27QAg7rfLMSWaqxA==}
    cpu: [s390x]
    os: [linux]
    libc: [glibc]

  '@pnpm/exe.linux-x64-musl@12.11.2':
    resolution: {integrity: sha512-7eIxQR05fvJxCujUSKp5KTtehJ7QqrgqP/HD1+BcB/SaV2Be4XI1PEHiOgA1zxsiMIeMvTF6E4G4dYHrFjeXRg==}
    cpu: [x64]
    os: [linux]
    libc: [musl]

  '@pnpm/exe.linux-x64@12.11.2':
    resolution: {integrity: sha512-FK7QKe24AYgppJwO3mpooYptduuvIGqKJPi5ac7MdnWkjUy46JBfYhCW0grnkWKC8YOf0x+vGviuQqJEj3SpQQ==}
    cpu: [x64]
    os: [linux]
    libc: [glibc]

  '@pnpm/exe.win32-arm64@12.11.2':
    resolution: {integrity: sha512-PCTjVDdJb6VvraZxrEeFv6EqEA0hhIsAySx28e95J2Tqpi88hLpgOXgNqV0vpxq9A+b8GLQfyk/D+1UlJPv/YQ==}
    cpu: [arm64]
    os: [win32]

  '@pnpm/exe.win32-x64@12.11.2':
    resolution: {integrity: sha512-8sgX86OvRjJ3yZs/TvGR2L31wH9ScPZ+f+geKI3ikuB0RRiK3i4LlTRO8OXN6pdRqj8epMde4312MCjj7JsJdA==}
    cpu: [x64]
    os: [win32]

  pnpm@12.11.2:
    resolution: {integrity: sha512-JaUWUqGWeFr18ovabf6NxYLr76SsHRgCIc4TkCMcX7dmN4IupLbkYzznSs3LCnf3Ja8RutOBd/3t2u6BipVcuQ==}
    engines: {node: '>=18.*'}
    hasBin: true

snapshots:

  '@pnpm/exe.android-arm64@12.11.2':
    optional: true

  '@pnpm/exe.android-x64@12.11.2':
    optional: true

  '@pnpm/exe.darwin-arm64@12.11.2':
    optional: true

  '@pnpm/exe.darwin-x64@12.11.2':
    optional: true

  '@pnpm/exe.freebsd-x64@12.11.2':
    optional: true

  '@pnpm/exe.linux-arm64-musl@12.11.2':
    optional: true

  '@pnpm/exe.linux-arm64@12.11.2':
    optional: true

  '@pnpm/exe.linux-ppc64@12.11.2':
    optional: true

  '@pnpm/exe.linux-riscv64@12.11.2':
    optional: true

  '@pnpm/exe.linux-s390x@12.11.2':
    optional: true

  '@pnpm/exe.linux-x64-musl@12.11.2':
    optional: true

  '@pnpm/exe.linux-x64@12.11.2':
    optional: true

  '@pnpm/exe.win32-arm64@12.11.2':
    optional: true

  '@pnpm/exe.win32-x64@12.11.2':
    optional: true

  pnpm@12.11.2:
    optionalDependencies:
      '@pnpm/exe.android-arm64': 12.11.2
      '@pnpm/exe.android-x64': 12.11.2
      '@pnpm/exe.darwin-arm64': 12.11.2
      '@pnpm/exe.darwin-x64': 12.11.2
      '@pnpm/exe.freebsd-x64': 12.11.2
      '@pnpm/exe.linux-arm64': 12.11.2
      '@pnpm/exe.linux-arm64-musl': 12.11.2
      '@pnpm/exe.linux-ppc64': 12.11.2
      '@pnpm/exe.linux-riscv64': 12.11.2
      '@pnpm/exe.linux-s390x': 12.11.2
      '@pnpm/exe.linux-x64': 12.11.2
      '@pnpm/exe.linux-x64-musl': 12.11.2
      '@pnpm/exe.win32-arm64': 12.11.2
      '@pnpm/exe.win32-x64': 12.11.2

---
lockfileVersion: '9.0'

settings:
  autoInstallPeers: true
  excludeLinksFromLockfile: false

importers:

  .:
    devDependencies:
      husky:
        specifier: 9.1.7
        version: 9.1.7
      lint-staged:
        specifier: 17.6.0
        version: 17.6.0
      oxfmt:
        specifier: 0.72.0
        version: 0.72.0

packages:

  '@oxfmt/binding-android-arm-eabi@0.72.0':
    resolution: {integrity: sha512-u4U1uaDOVBuorGNC/07NLm48nECHOiJJka002YGML16Md2DRvf38RGBt01lH60EOGvNlFVmbLoksQedNBoZHKw==}
    engines: {node: ^20.19.0 || >=22.12.0}
    cpu: [arm]
    os: [android]

  '@oxfmt/binding-android-arm64@0.72.0':
    resolution: {integrity: sha512-GCnM+Ae2mWOKC+92y3FOb6eZJeVnBAVz82e3lITUUg+kxukYKzBNAvJ/hhHIfa2A0md55SYYhdWPddSSy3KPVA==}
    engines: {node: ^20.19.0 || >=22.12.0}
    cpu: [arm64]
    os: [android]

  '@oxfmt/binding-darwin-arm64@0.72.0':
    resolution: {integrity: sha512-LjQ8tlevdtwraFlWC6AnQ1Forzde0clRmnsP3QmK+ydSElDt/J+5Jc+m+//Ly1G97aP7WCNUw110QMIUw2K7xA==}
    engines: {node: ^20.19.0 || >=22.12.0}
    cpu: [arm64]
    os: [darwin]

  '@oxfmt/binding-darwin-x64@0.72.0':
    resolution: {integrity: sha512-+ZbcxhB1C34RQR5IldSyY6Z/yalJIxHXhP36PGE4sEq0f/lgL5jCLmOKoDeVm8dqd9gFGDsd1bNWHSGCAwdSkw==}
    engines: {node: ^20.19.0 || >=22.12.0}
    cpu: [x64]
    os: [darwin]

  '@oxfmt/binding-freebsd-x64@0.72.0':
    resolution: {integrity: sha512-yGPhA8sePEBFV9iGcprhyOk3Bz3fZshswMH3DpYIPZFLT1DG5LjiZ0j6AJQpSueaL6bUK0av1K+5+fe+ldy5EQ==}
    engines: {node: ^20.19.0 || >=22.12.0}
    cpu: [x64]
    os: [freebsd]

  '@oxfmt/binding-linux-arm-gnueabihf@0.72.0':
    resolution: {integrity: sha512-/g5axuqFMcAtoQrFLR5EJEMDjR5Ea4GuzpdDmMpPWAgrF1DmL4kD1NPNVlpXEOxpFJnD6lPvLKYj1lzdlrfifA==}
    engines: {node: ^20.19.0 || >=22.12.0}
    cpu: [arm]
    os: [linux]

  '@oxfmt/binding-linux-arm-musleabihf@0.72.0':
    resolution: {integrity: sha512-InVitdHbS09PM+w+WinIiyX37rC9R3L7lUP9mKy9uKTEDSUFaLjWsLoreRIxKivnv7Ndqc6Trvi+K+b6ZzhiJg==}
    engines: {node: ^20.19.0 || >=22.12.0}
    cpu: [arm]
    os: [linux]

  '@oxfmt/binding-linux-arm64-gnu@0.72.0':
    resolution: {integrity: sha512-WKjlyRAxpPjXoqeuwFBim5LscgvY+RNEiZ971C9JlRQZONhJTsXDki/oHFYQE+fzzRpzXh3owZvOdT3kNL2g+g==}
    engines: {node: ^20.19.0 || >=22.12.0}
    cpu: [arm64]
    os: [linux]
    libc: [glibc]

  '@oxfmt/binding-linux-arm64-musl@0.72.0':
    resolution: {integrity: sha512-poafnbsPpJhR+5Mbwpf8CscugTyiRAzjTOxRVn8ra3X2jnURs2xL5Du2xl5g2iW85lICMglpmLf8jDjZEbNgzQ==}
    engines: {node: ^20.19.0 || >=22.12.0}
    cpu: [arm64]
    os: [linux]
    libc: [musl]

  '@oxfmt/binding-linux-ppc64-gnu@0.72.0':
    resolution: {integrity: sha512-zNUi0gKRsO7S3IfPzsTbnm88OedPuX32hmZFWZRWHvWJlAoZRwVbeO6Nb3hng4vDgL7qUKp4TGqzPz1mhsycYg==}
    engines: {node: ^20.19.0 || >=22.12.0}
    cpu: [ppc64]
    os: [linux]
    libc: [glibc]

  '@oxfmt/binding-linux-riscv64-gnu@0.72.0':
    resolution: {integrity: sha512-qTY7z/iyF/rWI2HWwWMevXqZW5PZUOofUy2afK7v6rseXnpld3yjgyIk6pCux3DqWQ0lB+f5atvLJNBwzLvFsw==}
    engines: {node: ^20.19.0 || >=22.12.0}
    cpu: [riscv64]
    os: [linux]
    libc: [glibc]

  '@oxfmt/binding-linux-riscv64-musl@0.72.0':
    resolution: {integrity: sha512-w18qfo8vEMD6EKEHtzTvjc6jH8yCyXIT1Bn7PFWJd0PpZyzH/VQDx4xvjCh0LGz6GRzqiezbisTdG9AoXtpkZQ==}
    engines: {node: ^20.19.0 || >=22.12.0}
    cpu: [riscv64]
    os: [linux]
    libc: [musl]

  '@oxfmt/binding-linux-s390x-gnu@0.72.0':
    resolution: {integrity: sha512-grW8HwEir+vK7fCcq1ZgL3NHQCfZ1PidiERE9Hbf+24xGys+DoDaoqTht4ccfn0PcBwbViLkwkda/KNpJu2KRQ==}
    engines: {node: ^20.19.0 || >=22.12.0}
    cpu: [s390x]
    os: [linux]
    libc: [glibc]

  '@oxfmt/binding-linux-x64-gnu@0.72.0':
    resolution: {integrity: sha512-wQJRQfWBRIn88Pkr449EUViwRayrYUScg7ty+Ihiem21mQ9BUA6S9e/4RAgyNk9lMag0KBouyKskjq61rOC0WQ==}
    engines: {node: ^20.19.0 || >=22.12.0}
    cpu: [x64]
    os: [linux]
    libc: [glibc]

  '@oxfmt/binding-linux-x64-musl@0.72.0':
    resolution: {integrity: sha512-T1B0uQzafxuGPjjaPrZJ497nxoi1BiI65JfsYc56nNpmev3msfb/iaTmH2kQuNFqa8PKxpMlf3GhWrWBvBPORQ==}
    engines: {node: ^20.19.0 || >=22.12.0}
    cpu: [x64]
    os: [linux]
    libc: [musl]

  '@oxfmt/binding-openharmony-arm64@0.72.0':
    resolution: {integrity: sha512-OKxxgTurl7+hypVplO8QRAbbQlwEs0j1Y6FZv+ZN2qNbdxQk2muMlzuJNBGTCWwxQ0rkkOD1uK/DW1fvzoUSJA==}
    engines: {node: ^20.19.0 || >=22.12.0}
    cpu: [arm64]
    os: [openharmony]

  '@oxfmt/binding-win32-arm64-msvc@0.72.0':
    resolution: {integrity: sha512-L78TKzURqvjuZOCo88ixMbPXf/RP7u31Y0cmjJ/KEmrHmfYhmhEvsDaTYPiyTRne64jUgCbADfY0YeoQk4/Xyw==}
    engines: {node: ^20.19.0 || >=22.12.0}
    cpu: [arm64]
    os: [win32]

  '@oxfmt/binding-win32-ia32-msvc@0.72.0':
    resolution: {integrity: sha512-gQtFW+Ii8BWgtJTAD17TY/WsdNS5gUfAPov8iI1jeq4r9lRRYImmxPL08UU00/RLaCfBJwh2UgINnDY0iOiZ+A==}
    engines: {node: ^20.19.0 || >=22.12.0}
    cpu: [ia32]
    os: [win32]

  '@oxfmt/binding-win32-x64-msvc@0.72.0':
    resolution: {integrity: sha512-uhooIN+DCzWX5uH7mQkSVCsODqsGluGJ4n3ch4+mITtWKpESMDjUJUSDBAVFuYQDwqY2McPDKdKJbM0oZVW/Qw==}
    engines: {node: ^20.19.0 || >=22.12.0}
    cpu: [x64]
    os: [win32]

  husky@9.1.7:
    resolution: {integrity: sha512-5gs5ytaNjBrh5Ow3zrvdUUY+0VxIuWVL4i9irt6friV+BqdCfmV11CQTWMiBYWHbXhco+J1kHfTOUkePhCDvMA==}
    engines: {node: '>=18'}
    hasBin: true

  lint-staged@17.6.0:
    resolution: {integrity: sha512-nOhBfYkZEwkFtNzD5pK9s9LkcWoxJ+whLzEnhqi9nl7zTB5n7tg8+9iYgMGx2Wm3VlLu8cbNj0RACzY+nWi5iQ==}
    engines: {node: '>=22.22.1'}
    hasBin: true

  oxfmt@0.72.0:
    resolution: {integrity: sha512-16OQeL0uhPZbfmT9S9WWM0Nv9+BmVi8Ra1uTYaSKj/qSCs6FB30KOhz9JoNYw6thT+K5bVxsk/tSEOu497i34g==}
    engines: {node: ^20.19.0 || >=22.12.0}
    hasBin: true
    peerDependencies:
      svelte: ^5.0.0
      vite-plus: '*'
    peerDependenciesMeta:
      svelte:
        optional: true
      vite-plus:
        optional: true

  picomatch@4.0.7:
    resolution: {integrity: sha512-qcJu88Q2IWqJsDD529JKMdwGm/dvInW4HvQnRwiH9JtihJvzGOscDtHE3x1pBKeUOTysQ8kVmLnJ2kJu7yhcGA==}
    engines: {node: '>=12'}

  string-argv@0.3.2:
    resolution: {integrity: sha512-aqD2Q0144Z+/RqG52NeHEkZauTAUWJO8c6yTftGJKO3Tja5tUgIfmIl6kExvhtxSDP7fXB6DvzkfMpCd/F3G+Q==}
    engines: {node: '>=0.6.19'}

  tinyexec@1.3.1:
    resolution: {integrity: sha512-GCvB3aoys96IuDFBMcTB46JOR6mdMtAToqwiW8JlWhsoh1mhHi/xn9ss/Dg7N555GiJyEt2qzoG/NHCwM6h1EA==}
    engines: {node: '>=18'}

  tinypool@2.2.0:
    resolution: {integrity: sha512-jBrmx4lYmaC9k/mgPbylxs7kBUxHtD8256up+HjLaDFfXScKJQyil+SWXSvhAtT7XHo+yTVlpB81PGmHP8oLSQ==}
    engines: {node: ^20.0.0 || >=22.0.0}

  yaml@2.9.1:
    resolution: {integrity: sha512-3NxN8+78OdzbT7C/WjGsyfPAtJaN3FNDsWxv7Y7mcDsT/oOmgW8BpyQQFFBnvZE3j9Y2Sdz1ULFLezL7Eb2yFw==}
    engines: {node: '>= 14.6'}
    hasBin: true

snapshots:

  '@oxfmt/binding-android-arm-eabi@0.72.0':
    optional: true

  '@oxfmt/binding-android-arm64@0.72.0':
    optional: true

  '@oxfmt/binding-darwin-arm64@0.72.0':
    optional: true

  '@oxfmt/binding-darwin-x64@0.72.0':
    optional: true

  '@oxfmt/binding-freebsd-x64@0.72.0':
    optional: true

  '@oxfmt/binding-linux-arm-gnueabihf@0.72.0':
    optional: true

  '@oxfmt/binding-linux-arm-musleabihf@0.72.0':
    optional: true

  '@oxfmt/binding-linux-arm64-gnu@0.72.0':
    optional: true

  '@oxfmt/binding-linux-arm64-musl@0.72.0':
    optional: true

  '@oxfmt/binding-linux-ppc64-gnu@0.72.0':
    optional: true

  '@oxfmt/binding-linux-riscv64-gnu@0.72.0':
    optional: true

  '@oxfmt/binding-linux-riscv64-musl@0.72.0':
    optional: true

  '@oxfmt/binding-linux-s390x-gnu@0.72.0':
    optional: true

  '@oxfmt/binding-linux-x64-gnu@0.72.0':
    optional: true

  '@oxfmt/binding-linux-x64-musl@0.72.0':
    optional: true

  '@oxfmt/binding-openharmony-arm64@0.72.0':
    optional: true

  '@oxfmt/binding-win32-arm64-msvc@0.72.0':
    optional: true

  '@oxfmt/binding-win32-ia32-msvc@0.72.0':
    optional: true

  '@oxfmt/binding-win32-x64-msvc@0.72.0':
    optional: true

  husky@9.1.7: {}

  lint-staged@17.6.0:
    dependencies:
      picomatch: 4.0.7
      string-argv: 0.3.2
      tinyexec: 1.3.1
    optionalDependencies:
      yaml: 2.9.1

  oxfmt@0.72.0:
    dependencies:
      tinypool: 2.2.0
    optionalDependencies:
      '@oxfmt/binding-android-arm-eabi': 0.72.0
      '@oxfmt/binding-android-arm64': 0.72.0
      '@oxfmt/binding-darwin-arm64': 0.72.0
      '@oxfmt/binding-darwin-x64': 0.72.0
      '@oxfmt/binding-freebsd-x64': 0.72.0
      '@oxfmt/binding-linux-arm-gnueabihf': 0.72.0
      '@oxfmt/binding-linux-arm-musleabihf': 0.72.0
      '@oxfmt/binding-linux-arm64-gnu': 0.72.0
      '@oxfmt/binding-linux-arm64-musl': 0.72.0
      '@oxfmt/binding-linux-ppc64-gnu': 0.72.0
      '@oxfmt/binding-linux-riscv64-gnu': 0.72.0
      '@oxfmt/binding-linux-riscv64-musl': 0.72.0
      '@oxfmt/binding-linux-s390x-gnu': 0.72.0
      '@oxfmt/binding-linux-x64-gnu': 0.72.0
      '@oxfmt/binding-linux-x64-musl': 0.72.0
      '@oxfmt/binding-openharmony-arm64': 0.72.0
      '@oxfmt/binding-win32-arm64-msvc': 0.72.0
      '@oxfmt/binding-win32-ia32-msvc': 0.72.0
      '@oxfmt/binding-win32-x64-msvc': 0.72.0

  picomatch@4.0.7: {}

  string-argv@0.3.2: {}

  tinyexec@1.3.1: {}

  tinypool@2.2.0: {}

  yaml@2.9.1:
    optional: true
