---
lockfileVersion: '9.0'

importers:

  .:
    configDependencies: {}
    packageManagerDependencies:
      pnpm:
        specifier: 12.4.1
        version: 12.4.1

packages:

  '@pnpm/exe.android-arm64@12.4.1':
    resolution: {integrity: sha512-/HwsqXMSmlOfgtV9+O0ratzjV6Vd/8n1hh4rGHpCGmDURvt52MwZxdbhyxP4K03ZfvgSDvotFPr8O+RzE5Eu8A==}
    cpu: [arm64]
    os: [android]

  '@pnpm/exe.android-x64@12.4.1':
    resolution: {integrity: sha512-+l74Qb4c2YjOzNKHXJLg+1wr8xHM1ckkUhnU5KRUK9TJqiiczt6yeTZqqzHIlJ8i6pAoj5V0OJevDRwnQKLgrQ==}
    cpu: [x64]
    os: [android]

  '@pnpm/exe.darwin-arm64@12.4.1':
    resolution: {integrity: sha512-6rkZkT3iGfaxknUdGHraqSWFvTa6N0ajAHluv9Ax0GRWs0sIcGNiFhDopv6xSZCsJZmG483aNS/b6UEDy3blfw==}
    cpu: [arm64]
    os: [darwin]

  '@pnpm/exe.darwin-x64@12.4.1':
    resolution: {integrity: sha512-Vb1CHlR88HghC1qUxjxjs82zQSXnXacPD+btG2CmG8Q/hBU7Q0/b2YWJKSQqZXicunV5khFtfTlAwJddV9RkYA==}
    cpu: [x64]
    os: [darwin]

  '@pnpm/exe.freebsd-x64@12.4.1':
    resolution: {integrity: sha512-iT3iHz3Nl0Sxxj7UPOtZ/aQ81AFsQhjoeWMAlPkSRO04gsgDGAXv3UYxOFaesMWsfNxaGn0A+CITbuCHFF66FA==}
    cpu: [x64]
    os: [freebsd]

  '@pnpm/exe.linux-arm64-musl@12.4.1':
    resolution: {integrity: sha512-aBooZfNXM5f+OGUgCAMFWpE/kAhsWfvmqIyMtHy6zl3aNxyInWrcY/Saln/UElzo7lZWMC0Yktroxd/2J26lNQ==}
    cpu: [arm64]
    os: [linux]
    libc: [musl]

  '@pnpm/exe.linux-arm64@12.4.1':
    resolution: {integrity: sha512-TlOdacTTP09BgcMvwWBFRsu8VAjfwqwnslBj+XSq1JFM3ck4f3k+1O/747EuctxZxs3/o785b6Q3s7Pd92Ptsg==}
    cpu: [arm64]
    os: [linux]
    libc: [glibc]

  '@pnpm/exe.linux-ppc64@12.4.1':
    resolution: {integrity: sha512-r/ab/MlIBo75oizUP5ITiziCCrnXz4SJwfErLQ+603AshB+Yq7xTMCoMtzTSCAMu6aaymIKkAFtZvd2J75Wq0w==}
    cpu: [ppc64]
    os: [linux]
    libc: [glibc]

  '@pnpm/exe.linux-riscv64@12.4.1':
    resolution: {integrity: sha512-C/D1QWdKMiB8+wv/spl1rGITFUuqC+aI/fb6h8NB5sqxsOaGXeYc/g891oCuzggHn6SODk9p+I09hI76x/cMNw==}
    cpu: [riscv64]
    os: [linux]
    libc: [glibc]

  '@pnpm/exe.linux-s390x@12.4.1':
    resolution: {integrity: sha512-nxz5zD4yXt94uzbStDk0QTPKW+aE92hH1b5tFXK9ctB1HE9Xcq1vjTiA2LsZMFC6p4gdu5OwQeFqYNAVGa6QlA==}
    cpu: [s390x]
    os: [linux]
    libc: [glibc]

  '@pnpm/exe.linux-x64-musl@12.4.1':
    resolution: {integrity: sha512-5AwgFdGhVUg2kIweYGfxzSLEHiIG77PQhZAkXC3TwofQHsu1Wr+TrV5/rNX2PopFnHRzuE581zoB8F6Wle32yg==}
    cpu: [x64]
    os: [linux]
    libc: [musl]

  '@pnpm/exe.linux-x64@12.4.1':
    resolution: {integrity: sha512-FJOZuuuQMhp0oLzBtcKkLXknBI92hfkmSnlKc47vfin4HrmfID5khY2lGekL9tCzk1cpR+HShEw/meFl+nHtzQ==}
    cpu: [x64]
    os: [linux]
    libc: [glibc]

  '@pnpm/exe.win32-arm64@12.4.1':
    resolution: {integrity: sha512-OO7eKBL9S+xk5hRy+JUUZSNJknGuGe3GEUffsrlC2LbqKF02g+VX1anGIzSbJDvkkdnpJhSlxF5AUz2JzJu2Jw==}
    cpu: [arm64]
    os: [win32]

  '@pnpm/exe.win32-x64@12.4.1':
    resolution: {integrity: sha512-x7gJHZgHo6hp354xCYA2NvoFzYJkHwovt2kVsUBK5EmXULLcP51JGMq09CX+5FRFJUZFKoXjLu3mZWmfP7o6PQ==}
    cpu: [x64]
    os: [win32]

  pnpm@12.4.1:
    resolution: {integrity: sha512-LoHjmdc/6DkNqyXgaqeIq3pZCCSNL1o3D4K0gRR6ano2e/gEj5pv22Rg8hpm8FQt7bi5TKLIcjWWdBkgsWVtTA==}
    engines: {node: '>=18.*'}
    hasBin: true

snapshots:

  '@pnpm/exe.android-arm64@12.4.1':
    optional: true

  '@pnpm/exe.android-x64@12.4.1':
    optional: true

  '@pnpm/exe.darwin-arm64@12.4.1':
    optional: true

  '@pnpm/exe.darwin-x64@12.4.1':
    optional: true

  '@pnpm/exe.freebsd-x64@12.4.1':
    optional: true

  '@pnpm/exe.linux-arm64-musl@12.4.1':
    optional: true

  '@pnpm/exe.linux-arm64@12.4.1':
    optional: true

  '@pnpm/exe.linux-ppc64@12.4.1':
    optional: true

  '@pnpm/exe.linux-riscv64@12.4.1':
    optional: true

  '@pnpm/exe.linux-s390x@12.4.1':
    optional: true

  '@pnpm/exe.linux-x64-musl@12.4.1':
    optional: true

  '@pnpm/exe.linux-x64@12.4.1':
    optional: true

  '@pnpm/exe.win32-arm64@12.4.1':
    optional: true

  '@pnpm/exe.win32-x64@12.4.1':
    optional: true

  pnpm@12.4.1:
    optionalDependencies:
      '@pnpm/exe.android-arm64': 12.4.1
      '@pnpm/exe.android-x64': 12.4.1
      '@pnpm/exe.darwin-arm64': 12.4.1
      '@pnpm/exe.darwin-x64': 12.4.1
      '@pnpm/exe.freebsd-x64': 12.4.1
      '@pnpm/exe.linux-arm64': 12.4.1
      '@pnpm/exe.linux-arm64-musl': 12.4.1
      '@pnpm/exe.linux-ppc64': 12.4.1
      '@pnpm/exe.linux-riscv64': 12.4.1
      '@pnpm/exe.linux-s390x': 12.4.1
      '@pnpm/exe.linux-x64': 12.4.1
      '@pnpm/exe.linux-x64-musl': 12.4.1
      '@pnpm/exe.win32-arm64': 12.4.1
      '@pnpm/exe.win32-x64': 12.4.1

---
lockfileVersion: '9.0'

settings:
  autoInstallPeers: true
  excludeLinksFromLockfile: false

importers:

  .:
    devDependencies:
      prettier:
        specifier: 3.9.6
        version: 3.9.6
      prettier-plugin-sh:
        specifier: 0.19.0
        version: 0.19.0(prettier@3.9.6)
      prettier-plugin-toml:
        specifier: 2.0.6
        version: 2.0.6(prettier@3.9.6)

packages:

  '@reteps/dockerfmt-darwin-arm64@0.5.4':
    resolution: {integrity: sha512-urMqV+dQyvVI8/WrXwClX9e1PEyS35wFdwJjpZYmL09AkV4Io5U1oam8UBKK7jZk0+YsdF88ay6e86Kn6DIyQg==}
    cpu: [arm64]
    os: [darwin]

  '@reteps/dockerfmt-darwin-x64@0.5.4':
    resolution: {integrity: sha512-fJORy6DFxbgDiMqxpLTPZlb5KUY0Vq0iR4NGnyKnuYZ9LdZUS508DK2kt/AJ87/jIKNV1qRG0JXG1Tc6xdvWjw==}
    cpu: [x64]
    os: [darwin]

  '@reteps/dockerfmt-linux-arm64@0.5.4':
    resolution: {integrity: sha512-6pVakO06eXtDuvxy1Dnjs/gQyUoGGycle8PRSt5IFRwLi/AVaOQwfkfmW0WP8VH9wNUeti6BfJ3ksTn2G+XMxg==}
    cpu: [arm64]
    os: [linux]

  '@reteps/dockerfmt-linux-x64@0.5.4':
    resolution: {integrity: sha512-OD6SIlUV1D4TgJoTui3FMBAZsGbTSPYsiT0BKhD6jMUcJb3GpFTa7dY9rL8rP9FUqfL7OTHVUGUOL4Rh64Olog==}
    cpu: [x64]
    os: [linux]

  '@reteps/dockerfmt@0.5.4':
    resolution: {integrity: sha512-HEGgXVVOb+JtGUSSzXl/XPKFIZjMDTUoHarCjaQdkY+cb5M9K/O3b5xm+x0IPIk3SfHurbc0bSgcFsQlzjitxA==}
    engines: {node: ^v12.20.0 || ^14.13.0 || >=16.0.0}
    hasBin: true

  '@taplo/core@0.2.0':
    resolution: {integrity: sha512-r8bl54Zj1In3QLkiW/ex694bVzpPJ9EhwqT9xkcUVODnVUGirdB1JTsmiIv0o1uwqZiwhi8xNnTOQBRQCpizrQ==}

  '@taplo/lib@0.5.0':
    resolution: {integrity: sha512-+xIqpQXJco3T+VGaTTwmhxLa51qpkQxCjRwezjFZgr+l21ExlywJFcDfTrNmL6lG6tqb0h8GyJKO3UPGPtSCWg==}

  prettier-plugin-sh@0.19.0:
    resolution: {integrity: sha512-39VXFZH/cOGtcuu8aeSvqp/hhwomOR4QroZUj+jBz2cNb3os9s0sqFZSNlYts6jdtLLDU7D2YT3Z1+abtb7adQ==}
    engines: {node: '>=16.0.0'}
    peerDependencies:
      prettier: ^3.6.0

  prettier-plugin-toml@2.0.6:
    resolution: {integrity: sha512-12N/wBuHa9jd/KVy9pRP20NMKxQfQLMseQCt66lIbLaPLItvGUcSIryE1eZZMJ7loSws6Ig3M2Elc2EreNh76w==}
    engines: {node: '>=16.0.0'}
    peerDependencies:
      prettier: ^3.0.3

  prettier@3.9.6:
    resolution: {integrity: sha512-OpN0zzVdiaiAhxpuuj5efpIS4sY9j7bY6uR5mnj5yPzGkdkjNKSJeUThPb60Jw29QuAZgA4o+/iB49kFiaBX6g==}
    engines: {node: '>=14'}
    hasBin: true

  sh-syntax@0.6.0:
    resolution: {integrity: sha512-52VK6z/cdZHv7UURjIcwfBUQZrAhIEEe0bY4lrkfypjnFIKsDZdD3Uaz/dBiw/sF8BeX0Mssv140s8EnrsJ9dQ==}
    engines: {node: '>=16.0.0'}

snapshots:

  '@reteps/dockerfmt-darwin-arm64@0.5.4':
    optional: true

  '@reteps/dockerfmt-darwin-x64@0.5.4':
    optional: true

  '@reteps/dockerfmt-linux-arm64@0.5.4':
    optional: true

  '@reteps/dockerfmt-linux-x64@0.5.4':
    optional: true

  '@reteps/dockerfmt@0.5.4':
    optionalDependencies:
      '@reteps/dockerfmt-darwin-arm64': 0.5.4
      '@reteps/dockerfmt-darwin-x64': 0.5.4
      '@reteps/dockerfmt-linux-arm64': 0.5.4
      '@reteps/dockerfmt-linux-x64': 0.5.4

  '@taplo/core@0.2.0': {}

  '@taplo/lib@0.5.0':
    dependencies:
      '@taplo/core': 0.2.0

  prettier-plugin-sh@0.19.0(prettier@3.9.6):
    dependencies:
      '@reteps/dockerfmt': 0.5.4
      prettier: 3.9.6
      sh-syntax: 0.6.0

  prettier-plugin-toml@2.0.6(prettier@3.9.6):
    dependencies:
      '@taplo/lib': 0.5.0
      prettier: 3.9.6

  prettier@3.9.6: {}

  sh-syntax@0.6.0: {}
