---
lockfileVersion: '9.0'

importers:

  .:
    configDependencies: {}
    packageManagerDependencies:
      pnpm:
        specifier: 12.8.2
        version: 12.8.2

packages:

  '@pnpm/exe.android-arm64@12.8.2':
    resolution: {integrity: sha512-b0gzsJQuxYCX1Pokkf9z+lvajgb5bqBExjmw4kj8H4Bwd2AfH8TkQVxDtrHGptEdkuwokEUSERdpNbRok2cc6Q==}
    cpu: [arm64]
    os: [android]

  '@pnpm/exe.android-x64@12.8.2':
    resolution: {integrity: sha512-j7dzfFMc0XxwhbFvslb06r51tdIlaQQpHUcIrpM7b4ACRYr+LgrpQIB7fI8SdlqPLvsFrrzNYIZXLQN6Kc+xbQ==}
    cpu: [x64]
    os: [android]

  '@pnpm/exe.darwin-arm64@12.8.2':
    resolution: {integrity: sha512-J3cmPRwOVXnPspYeQ3OwwrR8Di9GWRA1aBWD/T1go/4KiD5dvwmE1Q0nW7+F2vAz7FRDRt/91/ZaAujdLX8PIA==}
    cpu: [arm64]
    os: [darwin]

  '@pnpm/exe.darwin-x64@12.8.2':
    resolution: {integrity: sha512-+6UGMD/E7CfzYPqePOkVtWSpDeP7YV5L2k2IwDJykYZ4HH17aYUNGH1FHJSiBTZ/GjLAtdxy0X625sj/wm0w8w==}
    cpu: [x64]
    os: [darwin]

  '@pnpm/exe.freebsd-x64@12.8.2':
    resolution: {integrity: sha512-5fg6lDYuxaPSZawglnhtZMUJI+tgJxybI1DbrKDpQ1v6jitEOptzyMIsrisKVg1sWwO9lbIW+OnQC7OC29ZbOA==}
    cpu: [x64]
    os: [freebsd]

  '@pnpm/exe.linux-arm64-musl@12.8.2':
    resolution: {integrity: sha512-HLOlwfubM+29gs++BDUFejTb09E9aN+4EVzOANU1V9BtoUpY0itBKXeLcxUVTtWwtfAdTUJwmgK6sNgZHC8xBg==}
    cpu: [arm64]
    os: [linux]
    libc: [musl]

  '@pnpm/exe.linux-arm64@12.8.2':
    resolution: {integrity: sha512-Q7wIusa83KRHg8MV4hbZq1Ua8pgiET2hJc6U49cd1BWxqob3lwiPg90WLZ5qqYvXM4yytLUSxsMTQlsTWjgsrA==}
    cpu: [arm64]
    os: [linux]
    libc: [glibc]

  '@pnpm/exe.linux-ppc64@12.8.2':
    resolution: {integrity: sha512-QQhbXz7q/YK/xkTarU4wv4++aZjVOTZ8BrgLopuJkGdFNtJHJWeXA8cm/SLXir4KTb+pMyc/+Ece44pobEMbkA==}
    cpu: [ppc64]
    os: [linux]
    libc: [glibc]

  '@pnpm/exe.linux-riscv64@12.8.2':
    resolution: {integrity: sha512-gfoFW48o3SHMM6hsTKYwobtGKzMR8y+8A9fuXcc0YMdJubR3BmCtzyUa98IWcxM+kE0mKwQYvzxjeaAVppX7qA==}
    cpu: [riscv64]
    os: [linux]
    libc: [glibc]

  '@pnpm/exe.linux-s390x@12.8.2':
    resolution: {integrity: sha512-O786sSXtm9Qs5BiUQMKaOGU9n7/UwGzYSTAP2+ltaNMeOTrJSkl9QszOMzlK31/JfTnV4F5dg9PQN2pWdW4aOQ==}
    cpu: [s390x]
    os: [linux]
    libc: [glibc]

  '@pnpm/exe.linux-x64-musl@12.8.2':
    resolution: {integrity: sha512-GJ9ZkN9RVlu1LGRYTFjp7c/QAbSYaaVzplP00m4ijKdiv+fGeINeIETBR5MdUZ8biPZf7MJFoKHhMnz88JIj5A==}
    cpu: [x64]
    os: [linux]
    libc: [musl]

  '@pnpm/exe.linux-x64@12.8.2':
    resolution: {integrity: sha512-2rjP1HbpSMeSyfbP2CcGG0L2+r+9gHKAjYCZZQj/3SdQBywugJ9aa5OWyPp6yz0Z5xd7tKdUtQJh09TnZOUhwA==}
    cpu: [x64]
    os: [linux]
    libc: [glibc]

  '@pnpm/exe.win32-arm64@12.8.2':
    resolution: {integrity: sha512-B1bszoDtTn4o6VGHAE/wrcjceW0zUsxIakTguK3vgbZZ4t6oCv+0d100gJzjmynxg9mHmBXH35JT87SGzyXE2g==}
    cpu: [arm64]
    os: [win32]

  '@pnpm/exe.win32-x64@12.8.2':
    resolution: {integrity: sha512-rOZPUUTU1PHop5dsBQcdQZCnRp7Nz5/v0fnRJkL/4kgKPRONwzD809YwQ/s4mBdSgRY5CcGaYrzwOerp+pFbRg==}
    cpu: [x64]
    os: [win32]

  pnpm@12.8.2:
    resolution: {integrity: sha512-pZQWeWY9lSxfDsw4upivmLTcAblXgDVPaJTy+HOXPO8vfimJ19s+5Tk5OK4h9i/ga832hdR13a2CmmIJXSuLEQ==}
    engines: {node: '>=18.*'}
    hasBin: true

snapshots:

  '@pnpm/exe.android-arm64@12.8.2':
    optional: true

  '@pnpm/exe.android-x64@12.8.2':
    optional: true

  '@pnpm/exe.darwin-arm64@12.8.2':
    optional: true

  '@pnpm/exe.darwin-x64@12.8.2':
    optional: true

  '@pnpm/exe.freebsd-x64@12.8.2':
    optional: true

  '@pnpm/exe.linux-arm64-musl@12.8.2':
    optional: true

  '@pnpm/exe.linux-arm64@12.8.2':
    optional: true

  '@pnpm/exe.linux-ppc64@12.8.2':
    optional: true

  '@pnpm/exe.linux-riscv64@12.8.2':
    optional: true

  '@pnpm/exe.linux-s390x@12.8.2':
    optional: true

  '@pnpm/exe.linux-x64-musl@12.8.2':
    optional: true

  '@pnpm/exe.linux-x64@12.8.2':
    optional: true

  '@pnpm/exe.win32-arm64@12.8.2':
    optional: true

  '@pnpm/exe.win32-x64@12.8.2':
    optional: true

  pnpm@12.8.2:
    optionalDependencies:
      '@pnpm/exe.android-arm64': 12.8.2
      '@pnpm/exe.android-x64': 12.8.2
      '@pnpm/exe.darwin-arm64': 12.8.2
      '@pnpm/exe.darwin-x64': 12.8.2
      '@pnpm/exe.freebsd-x64': 12.8.2
      '@pnpm/exe.linux-arm64': 12.8.2
      '@pnpm/exe.linux-arm64-musl': 12.8.2
      '@pnpm/exe.linux-ppc64': 12.8.2
      '@pnpm/exe.linux-riscv64': 12.8.2
      '@pnpm/exe.linux-s390x': 12.8.2
      '@pnpm/exe.linux-x64': 12.8.2
      '@pnpm/exe.linux-x64-musl': 12.8.2
      '@pnpm/exe.win32-arm64': 12.8.2
      '@pnpm/exe.win32-x64': 12.8.2

---
lockfileVersion: '9.0'

settings:
  autoInstallPeers: true
  excludeLinksFromLockfile: false

importers:

  .:
    devDependencies:
      husky:
        specifier: 9.1.7
        version: 9.1.7
      lint-staged:
        specifier: 17.6.0
        version: 17.6.0
      oxfmt:
        specifier: 0.71.0
        version: 0.71.0

packages:

  '@oxfmt/binding-android-arm-eabi@0.71.0':
    resolution: {integrity: sha512-l31EyBfB4egJeFua11aQFEUE9nnDtfpWCadqQovm0WL30t/yUHtdFl/5HyFXvd5xT8Ewh3U4TI9f30GowrQ1fw==}
    engines: {node: ^20.19.0 || >=22.12.0}
    cpu: [arm]
    os: [android]

  '@oxfmt/binding-android-arm64@0.71.0':
    resolution: {integrity: sha512-E8q39SUZzSXQ08oZoFoTkxRADkdBNgL6De4qgZYr2O4JCunwqrZwAyCebxIF3yVHBafHM30WUkhTkDi+jNYZOw==}
    engines: {node: ^20.19.0 || >=22.12.0}
    cpu: [arm64]
    os: [android]

  '@oxfmt/binding-darwin-arm64@0.71.0':
    resolution: {integrity: sha512-pTteTrN88DicrmJ3DocBmpNDa6Umfh0iveEG8rnAlDFQpclmtDS7hnIvZbIEV9mDO0Ot1U0sjtoJQ1itd/ZMhQ==}
    engines: {node: ^20.19.0 || >=22.12.0}
    cpu: [arm64]
    os: [darwin]

  '@oxfmt/binding-darwin-x64@0.71.0':
    resolution: {integrity: sha512-G5melRC3IiNEgXlNKJhSExJYQGAQIppHFp2cl/wFrqQcEwmc4k4TkrHaFTR29SDudjoW5AZq5cXPGJDqtlH/Yg==}
    engines: {node: ^20.19.0 || >=22.12.0}
    cpu: [x64]
    os: [darwin]

  '@oxfmt/binding-freebsd-x64@0.71.0':
    resolution: {integrity: sha512-Hb1P5yKb9aiH2VSbm3Ml37mKjzqpunYet9krw/YK7V5JsAUJDQlju3Yk/dEqQvJD/usBvpi01Vbk9ZDNo0a8Cw==}
    engines: {node: ^20.19.0 || >=22.12.0}
    cpu: [x64]
    os: [freebsd]

  '@oxfmt/binding-linux-arm-gnueabihf@0.71.0':
    resolution: {integrity: sha512-r7n4JEO+rkp0kaP3ia+0hv6FzK3PQIHqaF0jxGuhjJ4JHVX9ZVRbgpDVDW+OloyuJsRWpWFDKIHe8gfl1p/4mQ==}
    engines: {node: ^20.19.0 || >=22.12.0}
    cpu: [arm]
    os: [linux]

  '@oxfmt/binding-linux-arm-musleabihf@0.71.0':
    resolution: {integrity: sha512-EEynTF4nakgqDhVCmd3cHQCmTcw0BM8ea6eHigTdtZ3yxdsBNv+dYkt+OpDDZx1n/jzjI7J+Ht7IgkqFWuJUxQ==}
    engines: {node: ^20.19.0 || >=22.12.0}
    cpu: [arm]
    os: [linux]

  '@oxfmt/binding-linux-arm64-gnu@0.71.0':
    resolution: {integrity: sha512-7VgJIrywCwR/G6YMv+HqsccUt8Z4q4mbM2xR+Ry/6AeMk4pCmZ9aO4Srd3mmrvVu8PsCZGP7oHEHSXWTmyloaQ==}
    engines: {node: ^20.19.0 || >=22.12.0}
    cpu: [arm64]
    os: [linux]
    libc: [glibc]

  '@oxfmt/binding-linux-arm64-musl@0.71.0':
    resolution: {integrity: sha512-AOCaminv/+fhinUXKvtPZT4POhNYmN9GfvaJdgJa1AbvuzClWGwDIXfJg8eu3sYaVL2B68jNvmS7LZGAYa0z3A==}
    engines: {node: ^20.19.0 || >=22.12.0}
    cpu: [arm64]
    os: [linux]
    libc: [musl]

  '@oxfmt/binding-linux-ppc64-gnu@0.71.0':
    resolution: {integrity: sha512-0SHxuaa4QRLM7jfsd8wc6L7KdLg+FR6/ah9k1eAvcrK/Sni7oxchMvsjwUsyakVAta+wBVDkjJTr7/RFU0uUGA==}
    engines: {node: ^20.19.0 || >=22.12.0}
    cpu: [ppc64]
    os: [linux]
    libc: [glibc]

  '@oxfmt/binding-linux-riscv64-gnu@0.71.0':
    resolution: {integrity: sha512-UNKj1+rPorTK6uSlQzpN96vDNbHbL/63zcpznweo0ImQdkDdtQCS7G3puxX++2cESPKT2B56Y6DICUmFTJde5A==}
    engines: {node: ^20.19.0 || >=22.12.0}
    cpu: [riscv64]
    os: [linux]
    libc: [glibc]

  '@oxfmt/binding-linux-riscv64-musl@0.71.0':
    resolution: {integrity: sha512-5cVXKj7a0mWu7GU6/bZgNyv+KtLgM5S9cnT26Os2/abj8pK/bklHsbdYEHGLLniGjNYkyzwem8mZciPCaDtilw==}
    engines: {node: ^20.19.0 || >=22.12.0}
    cpu: [riscv64]
    os: [linux]
    libc: [musl]

  '@oxfmt/binding-linux-s390x-gnu@0.71.0':
    resolution: {integrity: sha512-lNpcMuZvyU1V/CY5h19hac03m4E4PLSYRckcxZOynSPojI4Mwt6nEu9wT/gVf0bclH3xGEWjwqApnSTgjkd2oA==}
    engines: {node: ^20.19.0 || >=22.12.0}
    cpu: [s390x]
    os: [linux]
    libc: [glibc]

  '@oxfmt/binding-linux-x64-gnu@0.71.0':
    resolution: {integrity: sha512-5/Z6pUewQpknXqC4/ykK6Zc6RiteAnPem1Ci7K1RZLVF6w6MMjwHjR4vsjijW4Czidgv7HKeVglGjElADliT9w==}
    engines: {node: ^20.19.0 || >=22.12.0}
    cpu: [x64]
    os: [linux]
    libc: [glibc]

  '@oxfmt/binding-linux-x64-musl@0.71.0':
    resolution: {integrity: sha512-uVdG2N/4GEbOeljpQ+xv+NeEwJWJGj0WaxSiSYnoiqIYy3RWrWd3rGUmxWXP1A8+ferNvvwFoDAtvgsDUvBuSw==}
    engines: {node: ^20.19.0 || >=22.12.0}
    cpu: [x64]
    os: [linux]
    libc: [musl]

  '@oxfmt/binding-openharmony-arm64@0.71.0':
    resolution: {integrity: sha512-1LwEZmSDRFKeBaGd/Hgj2xI3SmgGFpF4YtgkSx0sTYdTiZfHWbcFvRIBjL1YiDNdQd9Khda3Ij8CoqBULjskDg==}
    engines: {node: ^20.19.0 || >=22.12.0}
    cpu: [arm64]
    os: [openharmony]

  '@oxfmt/binding-win32-arm64-msvc@0.71.0':
    resolution: {integrity: sha512-5tplmkeMXmza3PUptJQy25wCPJbIAg5g5r7zs+DI+7eEYOqbY+7roMdSH2zbDvv1Pb4oTDJ6NWYx9IRxBxXwhQ==}
    engines: {node: ^20.19.0 || >=22.12.0}
    cpu: [arm64]
    os: [win32]

  '@oxfmt/binding-win32-ia32-msvc@0.71.0':
    resolution: {integrity: sha512-T2LWgh3Vx4PYDjtcqRRGDyCsVxeF/VE5xTpUQiCm65bNLwMpRnJYj6Hlkf6qRM3+jxCIOqHD1kVHNQCCiAVMNQ==}
    engines: {node: ^20.19.0 || >=22.12.0}
    cpu: [ia32]
    os: [win32]

  '@oxfmt/binding-win32-x64-msvc@0.71.0':
    resolution: {integrity: sha512-L06SVp7Hu1EQTkh3+PHnKK26dxVbEpOG2InMwCooTE4MA437b5FgfTleCCiGn4ykISHnHU6UHaIg7SiMO7rBHA==}
    engines: {node: ^20.19.0 || >=22.12.0}
    cpu: [x64]
    os: [win32]

  husky@9.1.7:
    resolution: {integrity: sha512-5gs5ytaNjBrh5Ow3zrvdUUY+0VxIuWVL4i9irt6friV+BqdCfmV11CQTWMiBYWHbXhco+J1kHfTOUkePhCDvMA==}
    engines: {node: '>=18'}
    hasBin: true

  lint-staged@17.6.0:
    resolution: {integrity: sha512-nOhBfYkZEwkFtNzD5pK9s9LkcWoxJ+whLzEnhqi9nl7zTB5n7tg8+9iYgMGx2Wm3VlLu8cbNj0RACzY+nWi5iQ==}
    engines: {node: '>=22.22.1'}
    hasBin: true

  oxfmt@0.71.0:
    resolution: {integrity: sha512-lUPUl0d/+Io5pDrsPXWs6rB4N/bpB78oj9CTDpnbulfDz+0r3XXcHPlQ7kRPJ2GjIT4nX+/mcqunOeP9BvsEtg==}
    engines: {node: ^20.19.0 || >=22.12.0}
    hasBin: true
    peerDependencies:
      svelte: ^5.0.0
      vite-plus: '*'
    peerDependenciesMeta:
      svelte:
        optional: true
      vite-plus:
        optional: true

  picomatch@4.0.7:
    resolution: {integrity: sha512-qcJu88Q2IWqJsDD529JKMdwGm/dvInW4HvQnRwiH9JtihJvzGOscDtHE3x1pBKeUOTysQ8kVmLnJ2kJu7yhcGA==}
    engines: {node: '>=12'}

  string-argv@0.3.2:
    resolution: {integrity: sha512-aqD2Q0144Z+/RqG52NeHEkZauTAUWJO8c6yTftGJKO3Tja5tUgIfmIl6kExvhtxSDP7fXB6DvzkfMpCd/F3G+Q==}
    engines: {node: '>=0.6.19'}

  tinyexec@1.3.1:
    resolution: {integrity: sha512-GCvB3aoys96IuDFBMcTB46JOR6mdMtAToqwiW8JlWhsoh1mhHi/xn9ss/Dg7N555GiJyEt2qzoG/NHCwM6h1EA==}
    engines: {node: '>=18'}

  tinypool@2.2.0:
    resolution: {integrity: sha512-jBrmx4lYmaC9k/mgPbylxs7kBUxHtD8256up+HjLaDFfXScKJQyil+SWXSvhAtT7XHo+yTVlpB81PGmHP8oLSQ==}
    engines: {node: ^20.0.0 || >=22.0.0}

  yaml@2.9.1:
    resolution: {integrity: sha512-3NxN8+78OdzbT7C/WjGsyfPAtJaN3FNDsWxv7Y7mcDsT/oOmgW8BpyQQFFBnvZE3j9Y2Sdz1ULFLezL7Eb2yFw==}
    engines: {node: '>= 14.6'}
    hasBin: true

snapshots:

  '@oxfmt/binding-android-arm-eabi@0.71.0':
    optional: true

  '@oxfmt/binding-android-arm64@0.71.0':
    optional: true

  '@oxfmt/binding-darwin-arm64@0.71.0':
    optional: true

  '@oxfmt/binding-darwin-x64@0.71.0':
    optional: true

  '@oxfmt/binding-freebsd-x64@0.71.0':
    optional: true

  '@oxfmt/binding-linux-arm-gnueabihf@0.71.0':
    optional: true

  '@oxfmt/binding-linux-arm-musleabihf@0.71.0':
    optional: true

  '@oxfmt/binding-linux-arm64-gnu@0.71.0':
    optional: true

  '@oxfmt/binding-linux-arm64-musl@0.71.0':
    optional: true

  '@oxfmt/binding-linux-ppc64-gnu@0.71.0':
    optional: true

  '@oxfmt/binding-linux-riscv64-gnu@0.71.0':
    optional: true

  '@oxfmt/binding-linux-riscv64-musl@0.71.0':
    optional: true

  '@oxfmt/binding-linux-s390x-gnu@0.71.0':
    optional: true

  '@oxfmt/binding-linux-x64-gnu@0.71.0':
    optional: true

  '@oxfmt/binding-linux-x64-musl@0.71.0':
    optional: true

  '@oxfmt/binding-openharmony-arm64@0.71.0':
    optional: true

  '@oxfmt/binding-win32-arm64-msvc@0.71.0':
    optional: true

  '@oxfmt/binding-win32-ia32-msvc@0.71.0':
    optional: true

  '@oxfmt/binding-win32-x64-msvc@0.71.0':
    optional: true

  husky@9.1.7: {}

  lint-staged@17.6.0:
    dependencies:
      picomatch: 4.0.7
      string-argv: 0.3.2
      tinyexec: 1.3.1
    optionalDependencies:
      yaml: 2.9.1

  oxfmt@0.71.0:
    dependencies:
      tinypool: 2.2.0
    optionalDependencies:
      '@oxfmt/binding-android-arm-eabi': 0.71.0
      '@oxfmt/binding-android-arm64': 0.71.0
      '@oxfmt/binding-darwin-arm64': 0.71.0
      '@oxfmt/binding-darwin-x64': 0.71.0
      '@oxfmt/binding-freebsd-x64': 0.71.0
      '@oxfmt/binding-linux-arm-gnueabihf': 0.71.0
      '@oxfmt/binding-linux-arm-musleabihf': 0.71.0
      '@oxfmt/binding-linux-arm64-gnu': 0.71.0
      '@oxfmt/binding-linux-arm64-musl': 0.71.0
      '@oxfmt/binding-linux-ppc64-gnu': 0.71.0
      '@oxfmt/binding-linux-riscv64-gnu': 0.71.0
      '@oxfmt/binding-linux-riscv64-musl': 0.71.0
      '@oxfmt/binding-linux-s390x-gnu': 0.71.0
      '@oxfmt/binding-linux-x64-gnu': 0.71.0
      '@oxfmt/binding-linux-x64-musl': 0.71.0
      '@oxfmt/binding-openharmony-arm64': 0.71.0
      '@oxfmt/binding-win32-arm64-msvc': 0.71.0
      '@oxfmt/binding-win32-ia32-msvc': 0.71.0
      '@oxfmt/binding-win32-x64-msvc': 0.71.0

  picomatch@4.0.7: {}

  string-argv@0.3.2: {}

  tinyexec@1.3.1: {}

  tinypool@2.2.0: {}

  yaml@2.9.1:
    optional: true
